
Microsoft Visual Studio Solution File, Format Version 12.00
# Visual Studio Version 17
VisualStudioVersion = 17.4.33213.308
MinimumVisualStudioVersion = 10.0.40219.1
Project("{9A19103F-16F7-4668-BE54-9A1E7A4F7556}") = "Server", "Server.csproj", "{8E72BE34-1998-423A-9B73-A4C2AF2C1C23}"
EndProject
Project("{9A19103F-16F7-4668-BE54-9A1E7A4F7556}") = "Domain", "..\Domain\Domain.csproj", "{1900F495-5C6F-4CFA-9FCA-84447ECDD798}"
EndProject
Project("{9A19103F-16F7-4668-BE54-9A1E7A4F7556}") = "Services", "..\Services\Services.csproj", "{BE888B39-9975-44C0-A9B4-56E91B7CED8A}"
EndProject
Project("{9A19103F-16F7-4668-BE54-9A1E7A4F7556}") = "Controllers", "..\Controllers\Controllers.csproj", "{29538E80-F518-4DD1-AD90-CA1D3CCB46EB}"
EndProject
Project("{9A19103F-16F7-4668-BE54-9A1E7A4F7556}") = "External", "..\External\External.csproj", "{96D250A8-F20B-4246-BAFF-B25009891D5C}"
EndProject
Global
	GlobalSection(SolutionConfigurationPlatforms) = preSolution
		Debug|Any CPU = Debug|Any CPU
		Release|Any CPU = Release|Any CPU
	EndGlobalSection
	GlobalSection(ProjectConfigurationPlatforms) = postSolution
		{8E72BE34-1998-423A-9B73-A4C2AF2C1C23}.Debug|Any CPU.ActiveCfg = Debug|Any CPU
		{8E72BE34-1998-423A-9B73-A4C2AF2C1C23}.Debug|Any CPU.Build.0 = Debug|Any CPU
		{8E72BE34-1998-423A-9B73-A4C2AF2C1C23}.Release|Any CPU.ActiveCfg = Release|Any CPU
		{8E72BE34-1998-423A-9B73-A4C2AF2C1C23}.Release|Any CPU.Build.0 = Release|Any CPU
		{1900F495-5C6F-4CFA-9FCA-84447ECDD798}.Debug|Any CPU.ActiveCfg = Debug|Any CPU
		{1900F495-5C6F-4CFA-9FCA-84447ECDD798}.Debug|Any CPU.Build.0 = Debug|Any CPU
		{1900F495-5C6F-4CFA-9FCA-84447ECDD798}.Release|Any CPU.ActiveCfg = Release|Any CPU
		{1900F495-5C6F-4CFA-9FCA-84447ECDD798}.Release|Any CPU.Build.0 = Release|Any CPU
		{BE888B39-9975-44C0-A9B4-56E91B7CED8A}.Debug|Any CPU.ActiveCfg = Debug|Any CPU
		{BE888B39-9975-44C0-A9B4-56E91B7CED8A}.Debug|Any CPU.Build.0 = Debug|Any CPU
		{BE888B39-9975-44C0-A9B4-56E91B7CED8A}.Release|Any CPU.ActiveCfg = Release|Any CPU
		{BE888B39-9975-44C0-A9B4-56E91B7CED8A}.Release|Any CPU.Build.0 = Release|Any CPU
		{29538E80-F518-4DD1-AD90-CA1D3CCB46EB}.Debug|Any CPU.ActiveCfg = Debug|Any CPU
		{29538E80-F518-4DD1-AD90-CA1D3CCB46EB}.Debug|Any CPU.Build.0 = Debug|Any CPU
		{29538E80-F518-4DD1-AD90-CA1D3CCB46EB}.Release|Any CPU.ActiveCfg = Release|Any CPU
		{29538E80-F518-4DD1-AD90-CA1D3CCB46EB}.Release|Any CPU.Build.0 = Release|Any CPU
		{96D250A8-F20B-4246-BAFF-B25009891D5C}.Debug|Any CPU.ActiveCfg = Debug|Any CPU
		{96D250A8-F20B-4246-BAFF-B25009891D5C}.Debug|Any CPU.Build.0 = Debug|Any CPU
		{96D250A8-F20B-4246-BAFF-B25009891D5C}.Release|Any CPU.ActiveCfg = Release|Any CPU
		{96D250A8-F20B-4246-BAFF-B25009891D5C}.Release|Any CPU.Build.0 = Release|Any CPU
	EndGlobalSection
	GlobalSection(SolutionProperties) = preSolution
		HideSolutionNode = FALSE
	EndGlobalSection
	GlobalSection(ExtensibilityGlobals) = postSolution
		SolutionGuid = {865DCA16-CE7B-4A21-A26A-CF82B6682AFD}
	EndGlobalSection
EndGlobal
